// !$*UTF8*$!
{
	archiveVersion = 1;
	classes = {
	};
	objectVersion = 56;
	objects = {

/* Begin PBXBuildFile section */
		76F76FB82A164E410077BD92 /* FunnyMemesApp.swift in Sources */ = {isa = PBXBuildFile; fileRef = 76F76FB72A164E410077BD92 /* FunnyMemesApp.swift */; };
		76F76FBA2A164E410077BD92 /* ContentView.swift in Sources */ = {isa = PBXBuildFile; fileRef = 76F76FB92A164E410077BD92 /* ContentView.swift */; };
		76F76FBC2A164E440077BD92 /* Assets.xcassets in Resources */ = {isa = PBXBuildFile; fileRef = 76F76FBB2A164E440077BD92 /* Assets.xcassets */; };
		76F76FBF2A164E440077BD92 /* Preview Assets.xcassets in Resources */ = {isa = PBXBuildFile; fileRef = 76F76FBE2A164E440077BD92 /* Preview Assets.xcassets */; };
		76F76FC72A164EF90077BD92 /* ImageFetcher.swift in Sources */ = {isa = PBXBuildFile; fileRef = 76F76FC62A164EF90077BD92 /* ImageFetcher.swift */; };
		76F76FC92A164F5A0077BD92 /* Model.swift in Sources */ = {isa = PBXBuildFile; fileRef = 76F76FC82A164F5A0077BD92 /* Model.swift */; };
		76F76FCB2A16508A0077BD92 /* LoadableImage.swift in Sources */ = {isa = PBXBuildFile; fileRef = 76F76FCA2A16508A0077BD92 /* LoadableImage.swift */; };
		76F76FD02A1764D20077BD92 /* MemeTextView.swift in Sources */ = {isa = PBXBuildFile; fileRef = 76F76FCF2A1764D20077BD92 /* MemeTextView.swift */; };
		76F76FD22A17684D0077BD92 /* RandomImageButton.swift in Sources */ = {isa = PBXBuildFile; fileRef = 76F76FD12A17684D0077BD92 /* RandomImageButton.swift */; };
		76F76FD52A1769290077BD92 /* AddTextButton.swift in Sources */ = {isa = PBXBuildFile; fileRef = 76F76FD42A1769290077BD92 /* AddTextButton.swift */; };
		76F76FE22A176B610077BD92 /* Constant.swift in Sources */ = {isa = PBXBuildFile; fileRef = 76F76FE12A176B610077BD92 /* Constant.swift */; };
		76F76FE52A1786DE0077BD92 /* Finlandica-Bold.ttf in Resources */ = {isa = PBXBuildFile; fileRef = 76F76FE42A1772B90077BD92 /* Finlandica-Bold.ttf */; };
		76F76FEF2A1787540077BD92 /* Finlandica-Medium.ttf in Resources */ = {isa = PBXBuildFile; fileRef = 76F76FE72A1787540077BD92 /* Finlandica-Medium.ttf */; };
		76F76FF02A1787540077BD92 /* Finlandica-Regular.ttf in Resources */ = {isa = PBXBuildFile; fileRef = 76F76FE82A1787540077BD92 /* Finlandica-Regular.ttf */; };
		76F76FF42A1787540077BD92 /* Finlandica-SemiBold.ttf in Resources */ = {isa = PBXBuildFile; fileRef = 76F76FEC2A1787540077BD92 /* Finlandica-SemiBold.ttf */; };
		76F76FF52A1787540077BD92 /* Finlandica-Italic.ttf in Resources */ = {isa = PBXBuildFile; fileRef = 76F76FED2A1787540077BD92 /* Finlandica-Italic.ttf */; };
/* End PBXBuildFile section */

/* Begin PBXFileReference section */
		76F76FB42A164E410077BD92 /* FunnyMemes.app */ = {isa = PBXFileReference; explicitFileType = wrapper.application; includeInIndex = 0; path = FunnyMemes.app; sourceTree = BUILT_PRODUCTS_DIR; };
		76F76FB72A164E410077BD92 /* FunnyMemesApp.swift */ = {isa = PBXFileReference; lastKnownFileType = sourcecode.swift; path = FunnyMemesApp.swift; sourceTree = "<group>"; };
		76F76FB92A164E410077BD92 /* ContentView.swift */ = {isa = PBXFileReference; lastKnownFileType = sourcecode.swift; path = ContentView.swift; sourceTree = "<group>"; };
		76F76FBB2A164E440077BD92 /* Assets.xcassets */ = {isa = PBXFileReference; lastKnownFileType = folder.assetcatalog; path = Assets.xcassets; sourceTree = "<group>"; };
		76F76FBE2A164E440077BD92 /* Preview Assets.xcassets */ = {isa = PBXFileReference; lastKnownFileType = folder.assetcatalog; path = "Preview Assets.xcassets"; sourceTree = "<group>"; };
		76F76FC62A164EF90077BD92 /* ImageFetcher.swift */ = {isa = PBXFileReference; lastKnownFileType = sourcecode.swift; path = ImageFetcher.swift; sourceTree = "<group>"; };
		76F76FC82A164F5A0077BD92 /* Model.swift */ = {isa = PBXFileReference; lastKnownFileType = sourcecode.swift; path = Model.swift; sourceTree = "<group>"; };
		76F76FCA2A16508A0077BD92 /* LoadableImage.swift */ = {isa = PBXFileReference; lastKnownFileType = sourcecode.swift; path = LoadableImage.swift; sourceTree = "<group>"; };
		76F76FCF2A1764D20077BD92 /* MemeTextView.swift */ = {isa = PBXFileReference; lastKnownFileType = sourcecode.swift; path = MemeTextView.swift; sourceTree = "<group>"; };
		76F76FD12A17684D0077BD92 /* RandomImageButton.swift */ = {isa = PBXFileReference; lastKnownFileType = sourcecode.swift; path = RandomImageButton.swift; sourceTree = "<group>"; };
		76F76FD42A1769290077BD92 /* AddTextButton.swift */ = {isa = PBXFileReference; lastKnownFileType = sourcecode.swift; path = AddTextButton.swift; sourceTree = "<group>"; };
		76F76FE12A176B610077BD92 /* Constant.swift */ = {isa = PBXFileReference; lastKnownFileType = sourcecode.swift; path = Constant.swift; sourceTree = "<group>"; };
		76F76FE32A176BCA0077BD92 /* Info.plist */ = {isa = PBXFileReference; lastKnownFileType = text.plist; path = Info.plist; sourceTree = "<group>"; };
		76F76FE42A1772B90077BD92 /* Finlandica-Bold.ttf */ = {isa = PBXFileReference; lastKnownFileType = file; path = "Finlandica-Bold.ttf"; sourceTree = "<group>"; };
		76F76FE72A1787540077BD92 /* Finlandica-Medium.ttf */ = {isa = PBXFileReference; lastKnownFileType = file; path = "Finlandica-Medium.ttf"; sourceTree = "<group>"; };
		76F76FE82A1787540077BD92 /* Finlandica-Regular.ttf */ = {isa = PBXFileReference; lastKnownFileType = file; path = "Finlandica-Regular.ttf"; sourceTree = "<group>"; };
		76F76FEC2A1787540077BD92 /* Finlandica-SemiBold.ttf */ = {isa = PBXFileReference; lastKnownFileType = file; path = "Finlandica-SemiBold.ttf"; sourceTree = "<group>"; };
		76F76FED2A1787540077BD92 /* Finlandica-Italic.ttf */ = {isa = PBXFileReference; lastKnownFileType = file; path = "Finlandica-Italic.ttf"; sourceTree = "<group>"; };
/* End PBXFileReference section */

/* Begin PBXFrameworksBuildPhase section */
		76F76FB12A164E410077BD92 /* Frameworks */ = {
			isa = PBXFrameworksBuildPhase;
			buildActionMask = 2147483647;
			files = (
			);
			runOnlyForDeploymentPostprocessing = 0;
		};
/* End PBXFrameworksBuildPhase section */

/* Begin PBXGroup section */
		76F76FAB2A164E410077BD92 = {
			isa = PBXGroup;
			children = (
				76F76FB62A164E410077BD92 /* FunnyMemes */,
				76F76FB52A164E410077BD92 /* Products */,
			);
			sourceTree = "<group>";
		};
		76F76FB52A164E410077BD92 /* Products */ = {
			isa = PBXGroup;
			children = (
				76F76FB42A164E410077BD92 /* FunnyMemes.app */,
			);
			name = Products;
			sourceTree = "<group>";
		};
		76F76FB62A164E410077BD92 /* FunnyMemes */ = {
			isa = PBXGroup;
			children = (
				76F76FCC2A16516A0077BD92 /* Model */,
				76F76FCE2A16518D0077BD92 /* View */,
				76F76FCD2A1651730077BD92 /* ViewModel */,
				76F76FB72A164E410077BD92 /* FunnyMemesApp.swift */,
				76F76FB92A164E410077BD92 /* ContentView.swift */,
				76F76FBB2A164E440077BD92 /* Assets.xcassets */,
				76F76FBD2A164E440077BD92 /* Preview Content */,
				76F76FE02A176B530077BD92 /* Constant */,
				76F76FDF2A176B0C0077BD92 /* Fonts */,
				76F76FE32A176BCA0077BD92 /* Info.plist */,
			);
			path = FunnyMemes;
			sourceTree = "<group>";
		};
		76F76FBD2A164E440077BD92 /* Preview Content */ = {
			isa = PBXGroup;
			children = (
				76F76FBE2A164E440077BD92 /* Preview Assets.xcassets */,
			);
			path = "Preview Content";
			sourceTree = "<group>";
		};
		76F76FCC2A16516A0077BD92 /* Model */ = {
			isa = PBXGroup;
			children = (
				76F76FC82A164F5A0077BD92 /* Model.swift */,
			);
			path = Model;
			sourceTree = "<group>";
		};
		76F76FCD2A1651730077BD92 /* ViewModel */ = {
			isa = PBXGroup;
			children = (
				76F76FC62A164EF90077BD92 /* ImageFetcher.swift */,
			);
			path = ViewModel;
			sourceTree = "<group>";
		};
		76F76FCE2A16518D0077BD92 /* View */ = {
			isa = PBXGroup;
			children = (
				76F76FCA2A16508A0077BD92 /* LoadableImage.swift */,
				76F76FCF2A1764D20077BD92 /* MemeTextView.swift */,
				76F76FD12A17684D0077BD92 /* RandomImageButton.swift */,
				76F76FD42A1769290077BD92 /* AddTextButton.swift */,
			);
			path = View;
			sourceTree = "<group>";
		};
		76F76FDF2A176B0C0077BD92 /* Fonts */ = {
			isa = PBXGroup;
			children = (
				76F76FED2A1787540077BD92 /* Finlandica-Italic.ttf */,
				76F76FE72A1787540077BD92 /* Finlandica-Medium.ttf */,
				76F76FE82A1787540077BD92 /* Finlandica-Regular.ttf */,
				76F76FEC2A1787540077BD92 /* Finlandica-SemiBold.ttf */,
				76F76FE42A1772B90077BD92 /* Finlandica-Bold.ttf */,
			);
			path = Fonts;
			sourceTree = "<group>";
		};
		76F76FE02A176B530077BD92 /* Constant */ = {
			isa = PBXGroup;
			children = (
				76F76FE12A176B610077BD92 /* Constant.swift */,
			);
			path = Constant;
			sourceTree = "<group>";
		};
/* End PBXGroup section */

/* Begin PBXNativeTarget section */
		76F76FB32A164E410077BD92 /* FunnyMemes */ = {
			isa = PBXNativeTarget;
			buildConfigurationList = 76F76FC22A164E440077BD92 /* Build configuration list for PBXNativeTarget "FunnyMemes" */;
			buildPhases = (
				76F76FB02A164E410077BD92 /* Sources */,
				76F76FB12A164E410077BD92 /* Frameworks */,
				76F76FB22A164E410077BD92 /* Resources */,
			);
			buildRules = (
			);
			dependencies = (
			);
			name = FunnyMemes;
			productName = FunnyMemes;
			productReference = 76F76FB42A164E410077BD92 /* FunnyMemes.app */;
			productType = "com.apple.product-type.application";
		};
/* End PBXNativeTarget section */

/* Begin PBXProject section */
		76F76FAC2A164E410077BD92 /* Project object */ = {
			isa = PBXProject;
			attributes = {
				BuildIndependentTargetsInParallel = 1;
				LastSwiftUpdateCheck = 1430;
				LastUpgradeCheck = 1430;
				TargetAttributes = {
					76F76FB32A164E410077BD92 = {
						CreatedOnToolsVersion = 14.3;
					};
				};
			};
			buildConfigurationList = 76F76FAF2A164E410077BD92 /* Build configuration list for PBXProject "FunnyMemes" */;
			compatibilityVersion = "Xcode 14.0";
			developmentRegion = en;
			hasScannedForEncodings = 0;
			knownRegions = (
				en,
				Base,
			);
			mainGroup = 76F76FAB2A164E410077BD92;
			productRefGroup = 76F76FB52A164E410077BD92 /* Products */;
			projectDirPath = "";
			projectRoot = "";
			targets = (
				76F76FB32A164E410077BD92 /* FunnyMemes */,
			);
		};
/* End PBXProject section */

/* Begin PBXResourcesBuildPhase section */
		76F76FB22A164E410077BD92 /* Resources */ = {
			isa = PBXResourcesBuildPhase;
			buildActionMask = 2147483647;
			files = (
				76F76FF42A1787540077BD92 /* Finlandica-SemiBold.ttf in Resources */,
				76F76FF52A1787540077BD92 /* Finlandica-Italic.ttf in Resources */,
				76F76FEF2A1787540077BD92 /* Finlandica-Medium.ttf in Resources */,
				76F76FBF2A164E440077BD92 /* Preview Assets.xcassets in Resources */,
				76F76FF02A1787540077BD92 /* Finlandica-Regular.ttf in Resources */,
				76F76FBC2A164E440077BD92 /* Assets.xcassets in Resources */,
				76F76FE52A1786DE0077BD92 /* Finlandica-Bold.ttf in Resources */,
			);
			runOnlyForDeploymentPostprocessing = 0;
		};
/* End PBXResourcesBuildPhase section */

/* Begin PBXSourcesBuildPhase section */
		76F76FB02A164E410077BD92 /* Sources */ = {
			isa = PBXSourcesBuildPhase;
			buildActionMask = 2147483647;
			files = (
				76F76FD52A1769290077BD92 /* AddTextButton.swift in Sources */,
				76F76FC72A164EF90077BD92 /* ImageFetcher.swift in Sources */,
				76F76FE22A176B610077BD92 /* Constant.swift in Sources */,
				76F76FD22A17684D0077BD92 /* RandomImageButton.swift in Sources */,
				76F76FD02A1764D20077BD92 /* MemeTextView.swift in Sources */,
				76F76FBA2A164E410077BD92 /* ContentView.swift in Sources */,
				76F76FB82A164E410077BD92 /* FunnyMemesApp.swift in Sources */,
				76F76FC92A164F5A0077BD92 /* Model.swift in Sources */,
				76F76FCB2A16508A0077BD92 /* LoadableImage.swift in Sources */,
			);
			runOnlyForDeploymentPostprocessing = 0;
		};
/* End PBXSourcesBuildPhase section */

/* Begin XCBuildConfiguration section */
		76F76FC02A164E440077BD92 /* Debug */ = {
			isa = XCBuildConfiguration;
			buildSettings = {
				ALWAYS_SEARCH_USER_PATHS = NO;
				CLANG_ANALYZER_NONNULL = YES;
				CLANG_ANALYZER_NUMBER_OBJECT_CONVERSION = YES_AGGRESSIVE;
				CLANG_CXX_LANGUAGE_STANDARD = "gnu++20";
				CLANG_ENABLE_MODULES = YES;
				CLANG_ENABLE_OBJC_ARC = YES;
				CLANG_ENABLE_OBJC_WEAK = YES;
				CLANG_WARN_BLOCK_CAPTURE_AUTORELEASING = YES;
				CLANG_WARN_BOOL_CONVERSION = YES;
				CLANG_WARN_COMMA = YES;
				CLANG_WARN_CONSTANT_CONVERSION = YES;
				CLANG_WARN_DEPRECATED_OBJC_IMPLEMENTATIONS = YES;
				CLANG_WARN_DIRECT_OBJC_ISA_USAGE = YES_ERROR;
				CLANG_WARN_DOCUMENTATION_COMMENTS = YES;
				CLANG_WARN_EMPTY_BODY = YES;
				CLANG_WARN_ENUM_CONVERSION = YES;
				CLANG_WARN_INFINITE_RECURSION = YES;
				CLANG_WARN_INT_CONVERSION = YES;
				CLANG_WARN_NON_LITERAL_NULL_CONVERSION = YES;
				CLANG_WARN_OBJC_IMPLICIT_RETAIN_SELF = YES;
				CLANG_WARN_OBJC_LITERAL_CONVERSION = YES;
				CLANG_WARN_OBJC_ROOT_CLASS = YES_ERROR;
				CLANG_WARN_QUOTED_INCLUDE_IN_FRAMEWORK_HEADER = YES;
				CLANG_WARN_RANGE_LOOP_ANALYSIS = YES;
				CLANG_WARN_STRICT_PROTOTYPES = YES;
				CLANG_WARN_SUSPICIOUS_MOVE = YES;
				CLANG_WARN_UNGUARDED_AVAILABILITY = YES_AGGRESSIVE;
				CLANG_WARN_UNREACHABLE_CODE = YES;
				CLANG_WARN__DUPLICATE_METHOD_MATCH = YES;
				COPY_PHASE_STRIP = NO;
				DEBUG_INFORMATION_FORMAT = dwarf;
				ENABLE_STRICT_OBJC_MSGSEND = YES;
				ENABLE_TESTABILITY = YES;
				GCC_C_LANGUAGE_STANDARD = gnu11;
				GCC_DYNAMIC_NO_PIC = NO;
				GCC_NO_COMMON_BLOCKS = YES;
				GCC_OPTIMIZATION_LEVEL = 0;
				GCC_PREPROCESSOR_DEFINITIONS = (
					"DEBUG=1",
					"$(inherited)",
				);
				GCC_WARN_64_TO_32_BIT_CONVERSION = YES;
				GCC_WARN_ABOUT_RETURN_TYPE = YES_ERROR;
				GCC_WARN_UNDECLARED_SELECTOR = YES;
				GCC_WARN_UNINITIALIZED_AUTOS = YES_AGGRESSIVE;
				GCC_WARN_UNUSED_FUNCTION = YES;
				GCC_WARN_UNUSED_VARIABLE = YES;
				IPHONEOS_DEPLOYMENT_TARGET = 16.4;
				MTL_ENABLE_DEBUG_INFO = INCLUDE_SOURCE;
				MTL_FAST_MATH = YES;
				ONLY_ACTIVE_ARCH = YES;
				SDKROOT = iphoneos;
				SWIFT_ACTIVE_COMPILATION_CONDITIONS = DEBUG;
				SWIFT_OPTIMIZATION_LEVEL = "-Onone";
			};
			name = Debug;
		};
		76F76FC12A164E440077BD92 /* Release */ = {
			isa = XCBuildConfiguration;
			buildSettings = {
				ALWAYS_SEARCH_USER_PATHS = NO;
				CLANG_ANALYZER_NONNULL = YES;
				CLANG_ANALYZER_NUMBER_OBJECT_CONVERSION = YES_AGGRESSIVE;
				CLANG_CXX_LANGUAGE_STANDARD = "gnu++20";
				CLANG_ENABLE_MODULES = YES;
				CLANG_ENABLE_OBJC_ARC = YES;
				CLANG_ENABLE_OBJC_WEAK = YES;
				CLANG_WARN_BLOCK_CAPTURE_AUTORELEASING = YES;
				CLANG_WARN_BOOL_CONVERSION = YES;
				CLANG_WARN_COMMA = YES;
				CLANG_WARN_CONSTANT_CONVERSION = YES;
				CLANG_WARN_DEPRECATED_OBJC_IMPLEMENTATIONS = YES;
				CLANG_WARN_DIRECT_OBJC_ISA_USAGE = YES_ERROR;
				CLANG_WARN_DOCUMENTATION_COMMENTS = YES;
				CLANG_WARN_EMPTY_BODY = YES;
				CLANG_WARN_ENUM_CONVERSION = YES;
				CLANG_WARN_INFINITE_RECURSION = YES;
				CLANG_WARN_INT_CONVERSION = YES;
				CLANG_WARN_NON_LITERAL_NULL_CONVERSION = YES;
				CLANG_WARN_OBJC_IMPLICIT_RETAIN_SELF = YES;
				CLANG_WARN_OBJC_LITERAL_CONVERSION = YES;
				CLANG_WARN_OBJC_ROOT_CLASS = YES_ERROR;
				CLANG_WARN_QUOTED_INCLUDE_IN_FRAMEWORK_HEADER = YES;
				CLANG_WARN_RANGE_LOOP_ANALYSIS = YES;
				CLANG_WARN_STRICT_PROTOTYPES = YES;
				CLANG_WARN_SUSPICIOUS_MOVE = YES;
				CLANG_WARN_UNGUARDED_AVAILABILITY = YES_AGGRESSIVE;
				CLANG_WARN_UNREACHABLE_CODE = YES;
				CLANG_WARN__DUPLICATE_METHOD_MATCH = YES;
				COPY_PHASE_STRIP = NO;
				DEBUG_INFORMATION_FORMAT = "dwarf-with-dsym";
				ENABLE_NS_ASSERTIONS = NO;
				ENABLE_STRICT_OBJC_MSGSEND = YES;
				GCC_C_LANGUAGE_STANDARD = gnu11;
				GCC_NO_COMMON_BLOCKS = YES;
				GCC_WARN_64_TO_32_BIT_CONVERSION = YES;
				GCC_WARN_ABOUT_RETURN_TYPE = YES_ERROR;
				GCC_WARN_UNDECLARED_SELECTOR = YES;
				GCC_WARN_UNINITIALIZED_AUTOS = YES_AGGRESSIVE;
				GCC_WARN_UNUSED_FUNCTION = YES;
				GCC_WARN_UNUSED_VARIABLE = YES;
				IPHONEOS_DEPLOYMENT_TARGET = 16.4;
				MTL_ENABLE_DEBUG_INFO = NO;
				MTL_FAST_MATH = YES;
				SDKROOT = iphoneos;
				SWIFT_COMPILATION_MODE = wholemodule;
				SWIFT_OPTIMIZATION_LEVEL = "-O";
				VALIDATE_PRODUCT = YES;
			};
			name = Release;
		};
		76F76FC32A164E440077BD92 /* Debug */ = {
			isa = XCBuildConfiguration;
			buildSettings = {
				ASSETCATALOG_COMPILER_APPICON_NAME = AppIcon;
				ASSETCATALOG_COMPILER_GLOBAL_ACCENT_COLOR_NAME = AccentColor;
				CODE_SIGN_STYLE = Automatic;
				CURRENT_PROJECT_VERSION = 1;
				DEVELOPMENT_ASSET_PATHS = "\"FunnyMemes/Preview Content\"";
				DEVELOPMENT_TEAM = 9S5AJR5C22;
				ENABLE_PREVIEWS = YES;
				GENERATE_INFOPLIST_FILE = YES;
				INFOPLIST_FILE = FunnyMemes/Info.plist;
				INFOPLIST_KEY_UIApplicationSceneManifest_Generation = YES;
				INFOPLIST_KEY_UIApplicationSupportsIndirectInputEvents = YES;
				INFOPLIST_KEY_UILaunchScreen_Generation = YES;
				INFOPLIST_KEY_UISupportedInterfaceOrientations = UIInterfaceOrientationPortrait;
				INFOPLIST_KEY_UISupportedInterfaceOrientations_iPad = "UIInterfaceOrientationLandscapeLeft UIInterfaceOrientationLandscapeRight UIInterfaceOrientationPortrait UIInterfaceOrientationPortraitUpsideDown";
				IPHONEOS_DEPLOYMENT_TARGET = 15.0;
				LD_RUNPATH_SEARCH_PATHS = (
					"$(inherited)",
					"@executable_path/Frameworks",
				);
				MARKETING_VERSION = 1.0;
				PRODUCT_BUNDLE_IDENTIFIER = rzamolotov.FunnyMemes;
				PRODUCT_NAME = "$(TARGET_NAME)";
				SUPPORTED_PLATFORMS = "iphoneos iphonesimulator";
				SUPPORTS_MACCATALYST = NO;
				SUPPORTS_MAC_DESIGNED_FOR_IPHONE_IPAD = NO;
				SWIFT_EMIT_LOC_STRINGS = YES;
				SWIFT_VERSION = 5.0;
				TARGETED_DEVICE_FAMILY = "1,2";
			};
			name = Debug;
		};
		76F76FC42A164E440077BD92 /* Release */ = {
			isa = XCBuildConfiguration;
			buildSettings = {
				ASSETCATALOG_COMPILER_APPICON_NAME = AppIcon;
				ASSETCATALOG_COMPILER_GLOBAL_ACCENT_COLOR_NAME = AccentColor;
				CODE_SIGN_STYLE = Automatic;
				CURRENT_PROJECT_VERSION = 1;
				DEVELOPMENT_ASSET_PATHS = "\"FunnyMemes/Preview Content\"";
				DEVELOPMENT_TEAM = 9S5AJR5C22;
				ENABLE_PREVIEWS = YES;
				GENERATE_INFOPLIST_FILE = YES;
				INFOPLIST_FILE = FunnyMemes/Info.plist;
				INFOPLIST_KEY_UIApplicationSceneManifest_Generation = YES;
				INFOPLIST_KEY_UIApplicationSupportsIndirectInputEvents = YES;
				INFOPLIST_KEY_UILaunchScreen_Generation = YES;
				INFOPLIST_KEY_UISupportedInterfaceOrientations = UIInterfaceOrientationPortrait;
				INFOPLIST_KEY_UISupportedInterfaceOrientations_iPad = "UIInterfaceOrientationLandscapeLeft UIInterfaceOrientationLandscapeRight UIInterfaceOrientationPortrait UIInterfaceOrientationPortraitUpsideDown";
				IPHONEOS_DEPLOYMENT_TARGET = 15.0;
				LD_RUNPATH_SEARCH_PATHS = (
					"$(inherited)",
					"@executable_path/Frameworks",
				);
				MARKETING_VERSION = 1.0;
				PRODUCT_BUNDLE_IDENTIFIER = rzamolotov.FunnyMemes;
				PRODUCT_NAME = "$(TARGET_NAME)";
				SUPPORTED_PLATFORMS = "iphoneos iphonesimulator";
				SUPPORTS_MACCATALYST = NO;
				SUPPORTS_MAC_DESIGNED_FOR_IPHONE_IPAD = NO;
				SWIFT_EMIT_LOC_STRINGS = YES;
				SWIFT_VERSION = 5.0;
				TARGETED_DEVICE_FAMILY = "1,2";
			};
			name = Release;
		};
/* End XCBuildConfiguration section */

/* Begin XCConfigurationList section */
		76F76FAF2A164E410077BD92 /* Build configuration list for PBXProject "FunnyMemes" */ = {
			isa = XCConfigurationList;
			buildConfigurations = (
				76F76FC02A164E440077BD92 /* Debug */,
				76F76FC12A164E440077BD92 /* Release */,
			);
			defaultConfigurationIsVisible = 0;
			defaultConfigurationName = Release;
		};
		76F76FC22A164E440077BD92 /* Build configuration list for PBXNativeTarget "FunnyMemes" */ = {
			isa = XCConfigurationList;
			buildConfigurations = (
				76F76FC32A164E440077BD92 /* Debug */,
				76F76FC42A164E440077BD92 /* Release */,
			);
			defaultConfigurationIsVisible = 0;
			defaultConfigurationName = Release;
		};
/* End XCConfigurationList section */
	};
	rootObject = 76F76FAC2A164E410077BD92 /* Project object */;
}
